
Microsoft Visual Studio Solution File, Format Version 12.00
# Visual Studio Version 16
VisualStudioVersion = 16.0.29521.150
MinimumVisualStudioVersion = 10.0.40219.1
Project("{FAE04EC0-301F-11D3-BF4B-00C04F79EFBC}") = "ConsoleApp1", "ConsoleApp1\ConsoleApp1.csproj", "{FABDF09F-50EB-4F40-A8ED-A7D98CC6D893}"
EndProject
Project("{9A19103F-16F7-4668-BE54-9A1E7A4F7556}") = "WinFormsLibrary1", "WinFormsLibrary1\WinFormsLibrary1.csproj", "{EE6C4718-8D5A-4FAE-A4EC-633485B084F4}"
EndProject
Global
	GlobalSection(SolutionConfigurationPlatforms) = preSolution
		Debug|Any CPU = Debug|Any CPU
		Release|Any CPU = Release|Any CPU
	EndGlobalSection
	GlobalSection(ProjectConfigurationPlatforms) = postSolution
		{FABDF09F-50EB-4F40-A8ED-A7D98CC6D893}.Debug|Any CPU.ActiveCfg = Debug|Any CPU
		{FABDF09F-50EB-4F40-A8ED-A7D98CC6D893}.Debug|Any CPU.Build.0 = Debug|Any CPU
		{FABDF09F-50EB-4F40-A8ED-A7D98CC6D893}.Release|Any CPU.ActiveCfg = Release|Any CPU
		{FABDF09F-50EB-4F40-A8ED-A7D98CC6D893}.Release|Any CPU.Build.0 = Release|Any CPU
		{EE6C4718-8D5A-4FAE-A4EC-633485B084F4}.Debug|Any CPU.ActiveCfg = Debug|Any CPU
		{EE6C4718-8D5A-4FAE-A4EC-633485B084F4}.Debug|Any CPU.Build.0 = Debug|Any CPU
		{EE6C4718-8D5A-4FAE-A4EC-633485B084F4}.Release|Any CPU.ActiveCfg = Release|Any CPU
		{EE6C4718-8D5A-4FAE-A4EC-633485B084F4}.Release|Any CPU.Build.0 = Release|Any CPU
	EndGlobalSection
	GlobalSection(SolutionProperties) = preSolution
		HideSolutionNode = FALSE
	EndGlobalSection
	GlobalSection(ExtensibilityGlobals) = postSolution
		SolutionGuid = {F45BA887-1164-41E7-B979-78B7EE961B1A}
	EndGlobalSection
EndGlobal
